// !$*UTF8*$!
{
	archiveVersion = 1;
	classes = {
	};
	objectVersion = 46;
	objects = {

/* Begin PBXBuildFile section */
		9B09C9391DEF54C500AEE116 /* AppDelegate.swift in Sources */ = {isa = PBXBuildFile; fileRef = 9B09C9381DEF54C500AEE116 /* AppDelegate.swift */; };
		9B09C93E1DEF54C500AEE116 /* Main.storyboard in Resources */ = {isa = PBXBuildFile; fileRef = 9B09C93C1DEF54C500AEE116 /* Main.storyboard */; };
		9B09C9411DEF54C500AEE116 /* Wikipedia.xcdatamodeld in Sources */ = {isa = PBXBuildFile; fileRef = 9B09C93F1DEF54C500AEE116 /* Wikipedia.xcdatamodeld */; };
		9B09C9431DEF54C500AEE116 /* Assets.xcassets in Resources */ = {isa = PBXBuildFile; fileRef = 9B09C9421DEF54C500AEE116 /* Assets.xcassets */; };
		9B09C9461DEF54C500AEE116 /* LaunchScreen.storyboard in Resources */ = {isa = PBXBuildFile; fileRef = 9B09C9441DEF54C500AEE116 /* LaunchScreen.storyboard */; };
		9B09C94E1DEF55F900AEE116 /* ViewController.swift in Sources */ = {isa = PBXBuildFile; fileRef = 9B09C94D1DEF55F900AEE116 /* ViewController.swift */; };
		9B09C9501DEF5E2200AEE116 /* WikipediaSearchResult.swift in Sources */ = {isa = PBXBuildFile; fileRef = 9B09C94F1DEF5E2200AEE116 /* WikipediaSearchResult.swift */; };
		9B09C9521DEF5EAF00AEE116 /* WikipediaAPIClient.swift in Sources */ = {isa = PBXBuildFile; fileRef = 9B09C9511DEF5EAF00AEE116 /* WikipediaAPIClient.swift */; };
/* End PBXBuildFile section */

/* Begin PBXFileReference section */
		9B09C9351DEF54C500AEE116 /* Wikipedia.app */ = {isa = PBXFileReference; explicitFileType = wrapper.application; includeInIndex = 0; path = Wikipedia.app; sourceTree = BUILT_PRODUCTS_DIR; };
		9B09C9381DEF54C500AEE116 /* AppDelegate.swift */ = {isa = PBXFileReference; lastKnownFileType = sourcecode.swift; path = AppDelegate.swift; sourceTree = "<group>"; };
		9B09C93D1DEF54C500AEE116 /* Base */ = {isa = PBXFileReference; lastKnownFileType = file.storyboard; name = Base; path = Base.lproj/Main.storyboard; sourceTree = "<group>"; };
		9B09C9401DEF54C500AEE116 /* Wikipedia.xcdatamodel */ = {isa = PBXFileReference; lastKnownFileType = wrapper.xcdatamodel; path = Wikipedia.xcdatamodel; sourceTree = "<group>"; };
		9B09C9421DEF54C500AEE116 /* Assets.xcassets */ = {isa = PBXFileReference; lastKnownFileType = folder.assetcatalog; path = Assets.xcassets; sourceTree = "<group>"; };
		9B09C9451DEF54C500AEE116 /* Base */ = {isa = PBXFileReference; lastKnownFileType = file.storyboard; name = Base; path = Base.lproj/LaunchScreen.storyboard; sourceTree = "<group>"; };
		9B09C9471DEF54C500AEE116 /* Info.plist */ = {isa = PBXFileReference; lastKnownFileType = text.plist.xml; path = Info.plist; sourceTree = "<group>"; };
		9B09C94D1DEF55F900AEE116 /* ViewController.swift */ = {isa = PBXFileReference; fileEncoding = 4; lastKnownFileType = sourcecode.swift; path = ViewController.swift; sourceTree = "<group>"; };
		9B09C94F1DEF5E2200AEE116 /* WikipediaSearchResult.swift */ = {isa = PBXFileReference; fileEncoding = 4; lastKnownFileType = sourcecode.swift; path = WikipediaSearchResult.swift; sourceTree = "<group>"; };
		9B09C9511DEF5EAF00AEE116 /* WikipediaAPIClient.swift */ = {isa = PBXFileReference; fileEncoding = 4; lastKnownFileType = sourcecode.swift; path = WikipediaAPIClient.swift; sourceTree = "<group>"; };
/* End PBXFileReference section */

/* Begin PBXFrameworksBuildPhase section */
		9B09C9321DEF54C500AEE116 /* Frameworks */ = {
			isa = PBXFrameworksBuildPhase;
			buildActionMask = 2147483647;
			files = (
			);
			runOnlyForDeploymentPostprocessing = 0;
		};
/* End PBXFrameworksBuildPhase section */

/* Begin PBXGroup section */
		9B09C92C1DEF54C500AEE116 = {
			isa = PBXGroup;
			children = (
				9B09C9371DEF54C500AEE116 /* Wikipedia */,
				9B09C9361DEF54C500AEE116 /* Products */,
			);
			sourceTree = "<group>";
		};
		9B09C9361DEF54C500AEE116 /* Products */ = {
			isa = PBXGroup;
			children = (
				9B09C9351DEF54C500AEE116 /* Wikipedia.app */,
			);
			name = Products;
			sourceTree = "<group>";
		};
		9B09C9371DEF54C500AEE116 /* Wikipedia */ = {
			isa = PBXGroup;
			children = (
				9B09C9381DEF54C500AEE116 /* AppDelegate.swift */,
				9B09C9511DEF5EAF00AEE116 /* WikipediaAPIClient.swift */,
				9B09C94F1DEF5E2200AEE116 /* WikipediaSearchResult.swift */,
				9B09C93C1DEF54C500AEE116 /* Main.storyboard */,
				9B09C94D1DEF55F900AEE116 /* ViewController.swift */,
				9B09C9421DEF54C500AEE116 /* Assets.xcassets */,
				9B09C9441DEF54C500AEE116 /* LaunchScreen.storyboard */,
				9B09C9471DEF54C500AEE116 /* Info.plist */,
				9B09C93F1DEF54C500AEE116 /* Wikipedia.xcdatamodeld */,
			);
			path = Wikipedia;
			sourceTree = "<group>";
		};
/* End PBXGroup section */

/* Begin PBXNativeTarget section */
		9B09C9341DEF54C500AEE116 /* Wikipedia */ = {
			isa = PBXNativeTarget;
			buildConfigurationList = 9B09C94A1DEF54C500AEE116 /* Build configuration list for PBXNativeTarget "Wikipedia" */;
			buildPhases = (
				9B09C9311DEF54C500AEE116 /* Sources */,
				9B09C9321DEF54C500AEE116 /* Frameworks */,
				9B09C9331DEF54C500AEE116 /* Resources */,
			);
			buildRules = (
			);
			dependencies = (
			);
			name = Wikipedia;
			productName = Wikipedia;
			productReference = 9B09C9351DEF54C500AEE116 /* Wikipedia.app */;
			productType = "com.apple.product-type.application";
		};
/* End PBXNativeTarget section */

/* Begin PBXProject section */
		9B09C92D1DEF54C500AEE116 /* Project object */ = {
			isa = PBXProject;
			attributes = {
				LastSwiftUpdateCheck = 0810;
				LastUpgradeCheck = 0810;
				ORGANIZATIONNAME = "Madushani Lekam Wasam Liyanage";
				TargetAttributes = {
					9B09C9341DEF54C500AEE116 = {
						CreatedOnToolsVersion = 8.1;
						DevelopmentTeam = G6ZU47QNTF;
						ProvisioningStyle = Automatic;
					};
				};
			};
			buildConfigurationList = 9B09C9301DEF54C500AEE116 /* Build configuration list for PBXProject "Wikipedia" */;
			compatibilityVersion = "Xcode 3.2";
			developmentRegion = English;
			hasScannedForEncodings = 0;
			knownRegions = (
				en,
				Base,
			);
			mainGroup = 9B09C92C1DEF54C500AEE116;
			productRefGroup = 9B09C9361DEF54C500AEE116 /* Products */;
			projectDirPath = "";
			projectRoot = "";
			targets = (
				9B09C9341DEF54C500AEE116 /* Wikipedia */,
			);
		};
/* End PBXProject section */

/* Begin PBXResourcesBuildPhase section */
		9B09C9331DEF54C500AEE116 /* Resources */ = {
			isa = PBXResourcesBuildPhase;
			buildActionMask = 2147483647;
			files = (
				9B09C9461DEF54C500AEE116 /* LaunchScreen.storyboard in Resources */,
				9B09C9431DEF54C500AEE116 /* Assets.xcassets in Resources */,
				9B09C93E1DEF54C500AEE116 /* Main.storyboard in Resources */,
			);
			runOnlyForDeploymentPostprocessing = 0;
		};
/* End PBXResourcesBuildPhase section */

/* Begin PBXSourcesBuildPhase section */
		9B09C9311DEF54C500AEE116 /* Sources */ = {
			isa = PBXSourcesBuildPhase;
			buildActionMask = 2147483647;
			files = (
				9B09C94E1DEF55F900AEE116 /* ViewController.swift in Sources */,
				9B09C9411DEF54C500AEE116 /* Wikipedia.xcdatamodeld in Sources */,
				9B09C9501DEF5E2200AEE116 /* WikipediaSearchResult.swift in Sources */,
				9B09C9391DEF54C500AEE116 /* AppDelegate.swift in Sources */,
				9B09C9521DEF5EAF00AEE116 /* WikipediaAPIClient.swift in Sources */,
			);
			runOnlyForDeploymentPostprocessing = 0;
		};
/* End PBXSourcesBuildPhase section */

/* Begin PBXVariantGroup section */
		9B09C93C1DEF54C500AEE116 /* Main.storyboard */ = {
			isa = PBXVariantGroup;
			children = (
				9B09C93D1DEF54C500AEE116 /* Base */,
			);
			name = Main.storyboard;
			sourceTree = "<group>";
		};
		9B09C9441DEF54C500AEE116 /* LaunchScreen.storyboard */ = {
			isa = PBXVariantGroup;
			children = (
				9B09C9451DEF54C500AEE116 /* Base */,
			);
			name = LaunchScreen.storyboard;
			sourceTree = "<group>";
		};
/* End PBXVariantGroup section */

/* Begin XCBuildConfiguration section */
		9B09C9481DEF54C500AEE116 /* Debug */ = {
			isa = XCBuildConfiguration;
			buildSettings = {
				ALWAYS_SEARCH_USER_PATHS = NO;
				CLANG_ANALYZER_NONNULL = YES;
				CLANG_CXX_LANGUAGE_STANDARD = "gnu++0x";
				CLANG_CXX_LIBRARY = "libc++";
				CLANG_ENABLE_MODULES = YES;
				CLANG_ENABLE_OBJC_ARC = YES;
				CLANG_WARN_BOOL_CONVERSION = YES;
				CLANG_WARN_CONSTANT_CONVERSION = YES;
				CLANG_WARN_DIRECT_OBJC_ISA_USAGE = YES_ERROR;
				CLANG_WARN_DOCUMENTATION_COMMENTS = YES;
				CLANG_WARN_EMPTY_BODY = YES;
				CLANG_WARN_ENUM_CONVERSION = YES;
				CLANG_WARN_INFINITE_RECURSION = YES;
				CLANG_WARN_INT_CONVERSION = YES;
				CLANG_WARN_OBJC_ROOT_CLASS = YES_ERROR;
				CLANG_WARN_SUSPICIOUS_MOVES = YES;
				CLANG_WARN_UNREACHABLE_CODE = YES;
				CLANG_WARN__DUPLICATE_METHOD_MATCH = YES;
				"CODE_SIGN_IDENTITY[sdk=iphoneos*]" = "iPhone Developer";
				COPY_PHASE_STRIP = NO;
				DEBUG_INFORMATION_FORMAT = dwarf;
				ENABLE_STRICT_OBJC_MSGSEND = YES;
				ENABLE_TESTABILITY = YES;
				GCC_C_LANGUAGE_STANDARD = gnu99;
				GCC_DYNAMIC_NO_PIC = NO;
				GCC_NO_COMMON_BLOCKS = YES;
				GCC_OPTIMIZATION_LEVEL = 0;
				GCC_PREPROCESSOR_DEFINITIONS = (
					"DEBUG=1",
					"$(inherited)",
				);
				GCC_WARN_64_TO_32_BIT_CONVERSION = YES;
				GCC_WARN_ABOUT_RETURN_TYPE = YES_ERROR;
				GCC_WARN_UNDECLARED_SELECTOR = YES;
				GCC_WARN_UNINITIALIZED_AUTOS = YES_AGGRESSIVE;
				GCC_WARN_UNUSED_FUNCTION = YES;
				GCC_WARN_UNUSED_VARIABLE = YES;
				IPHONEOS_DEPLOYMENT_TARGET = 10.1;
				MTL_ENABLE_DEBUG_INFO = YES;
				ONLY_ACTIVE_ARCH = YES;
				SDKROOT = iphoneos;
				SWIFT_ACTIVE_COMPILATION_CONDITIONS = DEBUG;
				SWIFT_OPTIMIZATION_LEVEL = "-Onone";
				TARGETED_DEVICE_FAMILY = "1,2";
			};
			name = Debug;
		};
		9B09C9491DEF54C500AEE116 /* Release */ = {
			isa = XCBuildConfiguration;
			buildSettings = {
				ALWAYS_SEARCH_USER_PATHS = NO;
				CLANG_ANALYZER_NONNULL = YES;
				CLANG_CXX_LANGUAGE_STANDARD = "gnu++0x";
				CLANG_CXX_LIBRARY = "libc++";
				CLANG_ENABLE_MODULES = YES;
				CLANG_ENABLE_OBJC_ARC = YES;
				CLANG_WARN_BOOL_CONVERSION = YES;
				CLANG_WARN_CONSTANT_CONVERSION = YES;
				CLANG_WARN_DIRECT_OBJC_ISA_USAGE = YES_ERROR;
				CLANG_WARN_DOCUMENTATION_COMMENTS = YES;
				CLANG_WARN_EMPTY_BODY = YES;
				CLANG_WARN_ENUM_CONVERSION = YES;
				CLANG_WARN_INFINITE_RECURSION = YES;
				CLANG_WARN_INT_CONVERSION = YES;
				CLANG_WARN_OBJC_ROOT_CLASS = YES_ERROR;
				CLANG_WARN_SUSPICIOUS_MOVES = YES;
				CLANG_WARN_UNREACHABLE_CODE = YES;
				CLANG_WARN__DUPLICATE_METHOD_MATCH = YES;
				"CODE_SIGN_IDENTITY[sdk=iphoneos*]" = "iPhone Developer";
				COPY_PHASE_STRIP = NO;
				DEBUG_INFORMATION_FORMAT = "dwarf-with-dsym";
				ENABLE_NS_ASSERTIONS = NO;
				ENABLE_STRICT_OBJC_MSGSEND = YES;
				GCC_C_LANGUAGE_STANDARD = gnu99;
				GCC_NO_COMMON_BLOCKS = YES;
				GCC_WARN_64_TO_32_BIT_CONVERSION = YES;
				GCC_WARN_ABOUT_RETURN_TYPE = YES_ERROR;
				GCC_WARN_UNDECLARED_SELECTOR = YES;
				GCC_WARN_UNINITIALIZED_AUTOS = YES_AGGRESSIVE;
				GCC_WARN_UNUSED_FUNCTION = YES;
				GCC_WARN_UNUSED_VARIABLE = YES;
				IPHONEOS_DEPLOYMENT_TARGET = 10.1;
				MTL_ENABLE_DEBUG_INFO = NO;
				SDKROOT = iphoneos;
				SWIFT_OPTIMIZATION_LEVEL = "-Owholemodule";
				TARGETED_DEVICE_FAMILY = "1,2";
				VALIDATE_PRODUCT = YES;
			};
			name = Release;
		};
		9B09C94B1DEF54C500AEE116 /* Debug */ = {
			isa = XCBuildConfiguration;
			buildSettings = {
				ASSETCATALOG_COMPILER_APPICON_NAME = AppIcon;
				DEVELOPMENT_TEAM = G6ZU47QNTF;
				INFOPLIST_FILE = Wikipedia/Info.plist;
				LD_RUNPATH_SEARCH_PATHS = "$(inherited) @executable_path/Frameworks";
				PRODUCT_BUNDLE_IDENTIFIER = nyc.c4q.madushanilekamwasamliyanage.Wikipedia;
				PRODUCT_NAME = "$(TARGET_NAME)";
				SWIFT_VERSION = 3.0;
			};
			name = Debug;
		};
		9B09C94C1DEF54C500AEE116 /* Release */ = {
			isa = XCBuildConfiguration;
			buildSettings = {
				ASSETCATALOG_COMPILER_APPICON_NAME = AppIcon;
				DEVELOPMENT_TEAM = G6ZU47QNTF;
				INFOPLIST_FILE = Wikipedia/Info.plist;
				LD_RUNPATH_SEARCH_PATHS = "$(inherited) @executable_path/Frameworks";
				PRODUCT_BUNDLE_IDENTIFIER = nyc.c4q.madushanilekamwasamliyanage.Wikipedia;
				PRODUCT_NAME = "$(TARGET_NAME)";
				SWIFT_VERSION = 3.0;
			};
			name = Release;
		};
/* End XCBuildConfiguration section */

/* Begin XCConfigurationList section */
		9B09C9301DEF54C500AEE116 /* Build configuration list for PBXProject "Wikipedia" */ = {
			isa = XCConfigurationList;
			buildConfigurations = (
				9B09C9481DEF54C500AEE116 /* Debug */,
				9B09C9491DEF54C500AEE116 /* Release */,
			);
			defaultConfigurationIsVisible = 0;
			defaultConfigurationName = Release;
		};
		9B09C94A1DEF54C500AEE116 /* Build configuration list for PBXNativeTarget "Wikipedia" */ = {
			isa = XCConfigurationList;
			buildConfigurations = (
				9B09C94B1DEF54C500AEE116 /* Debug */,
				9B09C94C1DEF54C500AEE116 /* Release */,
			);
			defaultConfigurationIsVisible = 0;
		};
/* End XCConfigurationList section */

/* Begin XCVersionGroup section */
		9B09C93F1DEF54C500AEE116 /* Wikipedia.xcdatamodeld */ = {
			isa = XCVersionGroup;
			children = (
				9B09C9401DEF54C500AEE116 /* Wikipedia.xcdatamodel */,
			);
			currentVersion = 9B09C9401DEF54C500AEE116 /* Wikipedia.xcdatamodel */;
			path = Wikipedia.xcdatamodeld;
			sourceTree = "<group>";
			versionGroupType = wrapper.xcdatamodel;
		};
/* End XCVersionGroup section */
	};
	rootObject = 9B09C92D1DEF54C500AEE116 /* Project object */;
}
